// !$*UTF8*$!
{
	archiveVersion = 1;
	classes = {
	};
	objectVersion = 46;
	objects = {

/* Begin PBXBuildFile section */
		9D7D425A1C27C120008F76E5 /* main.cpp in Sources */ = {isa = PBXBuildFile; fileRef = 9D7D42591C27C120008F76E5 /* main.cpp */; };
		9D7D425C1C27C120008F76E5 /* Makefile in Sources */ = {isa = PBXBuildFile; fileRef = 9D7D425B1C27C120008F76E5 /* Makefile */; };
/* End PBXBuildFile section */

/* Begin PBXFileReference section */
		9D7D42561C27C120008F76E5 /* Index */ = {isa = PBXFileReference; explicitFileType = "compiled.mach-o.executable"; includeInIndex = 0; path = Index; sourceTree = BUILT_PRODUCTS_DIR; };
		9D7D42591C27C120008F76E5 /* main.cpp */ = {isa = PBXFileReference; lastKnownFileType = sourcecode.cpp.cpp; path = main.cpp; sourceTree = "<group>"; };
		9D7D425B1C27C120008F76E5 /* Makefile */ = {isa = PBXFileReference; lastKnownFileType = sourcecode.make; path = Makefile; sourceTree = "<group>"; };
		9D7D425D1C27C120008F76E5 /* ReadMe.txt */ = {isa = PBXFileReference; lastKnownFileType = text; path = ReadMe.txt; sourceTree = "<group>"; };
		9D7D425F1C27C120008F76E5 /* Sketchbook.txt */ = {isa = PBXFileReference; lastKnownFileType = text; name = Sketchbook.txt; path = Sketchbook/Sketchbook.txt; sourceTree = "<group>"; };
		9D7D42611C27C120008F76E5 /* 4D Systems PICadillo 35T.xcconfig */ = {isa = PBXFileReference; lastKnownFileType = text.xcconfig; name = "4D Systems PICadillo 35T.xcconfig"; path = "Configurations/4D Systems PICadillo 35T.xcconfig"; sourceTree = "<group>"; };
		9D7D42621C27C120008F76E5 /* Adafruit Pro Trinket 3V-12MHz.xcconfig */ = {isa = PBXFileReference; lastKnownFileType = text.xcconfig; name = "Adafruit Pro Trinket 3V-12MHz.xcconfig"; path = "Configurations/Adafruit Pro Trinket 3V-12MHz.xcconfig"; sourceTree = "<group>"; };
		9D7D42631C27C120008F76E5 /* Adafruit Pro Trinket 5V-16MHz.xcconfig */ = {isa = PBXFileReference; lastKnownFileType = text.xcconfig; name = "Adafruit Pro Trinket 5V-16MHz.xcconfig"; path = "Configurations/Adafruit Pro Trinket 5V-16MHz.xcconfig"; sourceTree = "<group>"; };
		9D7D42641C27C120008F76E5 /* Adafruit Trinket 3V-8MHz.xcconfig */ = {isa = PBXFileReference; lastKnownFileType = text.xcconfig; name = "Adafruit Trinket 3V-8MHz.xcconfig"; path = "Configurations/Adafruit Trinket 3V-8MHz.xcconfig"; sourceTree = "<group>"; };
		9D7D42651C27C120008F76E5 /* Adafruit Trinket 5V-16MHz.xcconfig */ = {isa = PBXFileReference; lastKnownFileType = text.xcconfig; name = "Adafruit Trinket 5V-16MHz.xcconfig"; path = "Configurations/Adafruit Trinket 5V-16MHz.xcconfig"; sourceTree = "<group>"; };
		9D7D42661C27C120008F76E5 /* Arduino Due (Native USB Port).xcconfig */ = {isa = PBXFileReference; lastKnownFileType = text.xcconfig; name = "Arduino Due (Native USB Port).xcconfig"; path = "Configurations/Arduino Due (Native USB Port).xcconfig"; sourceTree = "<group>"; };
		9D7D42671C27C120008F76E5 /* Arduino Due (Programming Port).xcconfig */ = {isa = PBXFileReference; lastKnownFileType = text.xcconfig; name = "Arduino Due (Programming Port).xcconfig"; path = "Configurations/Arduino Due (Programming Port).xcconfig"; sourceTree = "<group>"; };
		9D7D42681C27C120008F76E5 /* Arduino Duemilanove.xcconfig */ = {isa = PBXFileReference; lastKnownFileType = text.xcconfig; name = "Arduino Duemilanove.xcconfig"; path = "Configurations/Arduino Duemilanove.xcconfig"; sourceTree = "<group>"; };
		9D7D42691C27C120008F76E5 /* Arduino Leonardo.xcconfig */ = {isa = PBXFileReference; lastKnownFileType = text.xcconfig; name = "Arduino Leonardo.xcconfig"; path = "Configurations/Arduino Leonardo.xcconfig"; sourceTree = "<group>"; };
		9D7D426A1C27C120008F76E5 /* Arduino Mega 2560.xcconfig */ = {isa = PBXFileReference; lastKnownFileType = text.xcconfig; name = "Arduino Mega 2560.xcconfig"; path = "Configurations/Arduino Mega 2560.xcconfig"; sourceTree = "<group>"; };
		9D7D426B1C27C120008F76E5 /* Arduino Micro.xcconfig */ = {isa = PBXFileReference; lastKnownFileType = text.xcconfig; name = "Arduino Micro.xcconfig"; path = "Configurations/Arduino Micro.xcconfig"; sourceTree = "<group>"; };
		9D7D426C1C27C120008F76E5 /* Arduino Pro ATmega328-3.3V.xcconfig */ = {isa = PBXFileReference; lastKnownFileType = text.xcconfig; name = "Arduino Pro ATmega328-3.3V.xcconfig"; path = "Configurations/Arduino Pro ATmega328-3.3V.xcconfig"; sourceTree = "<group>"; };
		9D7D426D1C27C120008F76E5 /* Arduino Pro ATmega328-5V.xcconfig */ = {isa = PBXFileReference; lastKnownFileType = text.xcconfig; name = "Arduino Pro ATmega328-5V.xcconfig"; path = "Configurations/Arduino Pro ATmega328-5V.xcconfig"; sourceTree = "<group>"; };
		9D7D426E1C27C120008F76E5 /* Arduino Mini ATmega168.xcconfig */ = {isa = PBXFileReference; lastKnownFileType = text.xcconfig; name = "Arduino Mini ATmega168.xcconfig"; path = "Configurations/Arduino Mini ATmega168.xcconfig"; sourceTree = "<group>"; };
		9D7D426F1C27C120008F76E5 /* Arduino Mini ATmega328.xcconfig */ = {isa = PBXFileReference; lastKnownFileType = text.xcconfig; name = "Arduino Mini ATmega328.xcconfig"; path = "Configurations/Arduino Mini ATmega328.xcconfig"; sourceTree = "<group>"; };
		9D7D42701C27C120008F76E5 /* Arduino Nano ATmega168.xcconfig */ = {isa = PBXFileReference; lastKnownFileType = text.xcconfig; name = "Arduino Nano ATmega168.xcconfig"; path = "Configurations/Arduino Nano ATmega168.xcconfig"; sourceTree = "<group>"; };
		9D7D42711C27C120008F76E5 /* Arduino Nano ATmega328.xcconfig */ = {isa = PBXFileReference; lastKnownFileType = text.xcconfig; name = "Arduino Nano ATmega328.xcconfig"; path = "Configurations/Arduino Nano ATmega328.xcconfig"; sourceTree = "<group>"; };
		9D7D42721C27C120008F76E5 /* Arduino Robot Control.xcconfig */ = {isa = PBXFileReference; lastKnownFileType = text.xcconfig; name = "Arduino Robot Control.xcconfig"; path = "Configurations/Arduino Robot Control.xcconfig"; sourceTree = "<group>"; };
		9D7D42731C27C120008F76E5 /* Arduino Robot Motor.xcconfig */ = {isa = PBXFileReference; lastKnownFileType = text.xcconfig; name = "Arduino Robot Motor.xcconfig"; path = "Configurations/Arduino Robot Motor.xcconfig"; sourceTree = "<group>"; };
		9D7D42741C27C120008F76E5 /* Arduino Uno.xcconfig */ = {isa = PBXFileReference; lastKnownFileType = text.xcconfig; name = "Arduino Uno.xcconfig"; path = "Configurations/Arduino Uno.xcconfig"; sourceTree = "<group>"; };
		9D7D42751C27C120008F76E5 /* Arduino Yun.xcconfig */ = {isa = PBXFileReference; lastKnownFileType = text.xcconfig; name = "Arduino Yun.xcconfig"; path = "Configurations/Arduino Yun.xcconfig"; sourceTree = "<group>"; };
		9D7D42761C27C120008F76E5 /* ArduinoORG M0 Pro (Native USB Port).xcconfig */ = {isa = PBXFileReference; lastKnownFileType = text.xcconfig; name = "ArduinoORG M0 Pro (Native USB Port).xcconfig"; path = "Configurations/ArduinoORG M0 Pro (Native USB Port).xcconfig"; sourceTree = "<group>"; };
		9D7D42771C27C120008F76E5 /* ArduinoORG M0 Pro (Programming Port).xcconfig */ = {isa = PBXFileReference; lastKnownFileType = text.xcconfig; name = "ArduinoORG M0 Pro (Programming Port).xcconfig"; path = "Configurations/ArduinoORG M0 Pro (Programming Port).xcconfig"; sourceTree = "<group>"; };
		9D7D42781C27C120008F76E5 /* chipKIT DP32.xcconfig */ = {isa = PBXFileReference; lastKnownFileType = text.xcconfig; name = "chipKIT DP32.xcconfig"; path = "Configurations/chipKIT DP32.xcconfig"; sourceTree = "<group>"; };
		9D7D42791C27C120008F76E5 /* chipKIT Max32.xcconfig */ = {isa = PBXFileReference; lastKnownFileType = text.xcconfig; name = "chipKIT Max32.xcconfig"; path = "Configurations/chipKIT Max32.xcconfig"; sourceTree = "<group>"; };
		9D7D427A1C27C120008F76E5 /* chipKIT uC32.xcconfig */ = {isa = PBXFileReference; lastKnownFileType = text.xcconfig; name = "chipKIT uC32.xcconfig"; path = "Configurations/chipKIT uC32.xcconfig"; sourceTree = "<group>"; };
		9D7D427B1C27C120008F76E5 /* chipKIT Uno32.xcconfig */ = {isa = PBXFileReference; lastKnownFileType = text.xcconfig; name = "chipKIT Uno32.xcconfig"; path = "Configurations/chipKIT Uno32.xcconfig"; sourceTree = "<group>"; };
		9D7D427C1C27C120008F76E5 /* chipKIT WF32.xcconfig */ = {isa = PBXFileReference; lastKnownFileType = text.xcconfig; name = "chipKIT WF32.xcconfig"; path = "Configurations/chipKIT WF32.xcconfig"; sourceTree = "<group>"; };
		9D7D427D1C27C120008F76E5 /* chipKIT WiFire.xcconfig */ = {isa = PBXFileReference; lastKnownFileType = text.xcconfig; name = "chipKIT WiFire.xcconfig"; path = "Configurations/chipKIT WiFire.xcconfig"; sourceTree = "<group>"; };
		9D7D427E1C27C120008F76E5 /* DFRobot BLuno.xcconfig */ = {isa = PBXFileReference; lastKnownFileType = text.xcconfig; name = "DFRobot BLuno.xcconfig"; path = "Configurations/DFRobot BLuno.xcconfig"; sourceTree = "<group>"; };
		9D7D427F1C27C120008F76E5 /* DFRobot Wido.xcconfig */ = {isa = PBXFileReference; lastKnownFileType = text.xcconfig; name = "DFRobot Wido.xcconfig"; path = "Configurations/DFRobot Wido.xcconfig"; sourceTree = "<group>"; };
		9D7D42801C27C120008F76E5 /* Digispark Tiny Core.xcconfig */ = {isa = PBXFileReference; lastKnownFileType = text.xcconfig; name = "Digispark Tiny Core.xcconfig"; path = "Configurations/Digispark Tiny Core.xcconfig"; sourceTree = "<group>"; };
		9D7D42811C27C120008F76E5 /* ESP8266.xcconfig */ = {isa = PBXFileReference; lastKnownFileType = text.xcconfig; name = ESP8266.xcconfig; path = Configurations/ESP8266.xcconfig; sourceTree = "<group>"; };
		9D7D42821C27C120008F76E5 /* NodeMCU 0.9 ESP-12.xcconfig */ = {isa = PBXFileReference; lastKnownFileType = text.xcconfig; name = "NodeMCU 0.9 ESP-12.xcconfig"; path = "Configurations/NodeMCU 0.9 ESP-12.xcconfig"; sourceTree = "<group>"; };
		9D7D42831C27C120008F76E5 /* NodeMCU 1.0 ESP-12E.xcconfig */ = {isa = PBXFileReference; lastKnownFileType = text.xcconfig; name = "NodeMCU 1.0 ESP-12E.xcconfig"; path = "Configurations/NodeMCU 1.0 ESP-12E.xcconfig"; sourceTree = "<group>"; };
		9D7D42841C27C120008F76E5 /* Experimeter Board MSP430FR5739.xcconfig */ = {isa = PBXFileReference; lastKnownFileType = text.xcconfig; name = "Experimeter Board MSP430FR5739.xcconfig"; path = "Configurations/Experimeter Board MSP430FR5739.xcconfig"; sourceTree = "<group>"; };
		9D7D42851C27C120008F76E5 /* Intel Edison.xcconfig */ = {isa = PBXFileReference; lastKnownFileType = text.xcconfig; name = "Intel Edison.xcconfig"; path = "Configurations/Intel Edison.xcconfig"; sourceTree = "<group>"; };
		9D7D42861C27C120008F76E5 /* Intel Galileo.xcconfig */ = {isa = PBXFileReference; lastKnownFileType = text.xcconfig; name = "Intel Galileo.xcconfig"; path = "Configurations/Intel Galileo.xcconfig"; sourceTree = "<group>"; };
		9D7D42871C27C120008F76E5 /* Intel Galileo Gen2.xcconfig */ = {isa = PBXFileReference; lastKnownFileType = text.xcconfig; name = "Intel Galileo Gen2.xcconfig"; path = "Configurations/Intel Galileo Gen2.xcconfig"; sourceTree = "<group>"; };
		9D7D42881C27C120008F76E5 /* LaunchPad MSP432P401 EMT.xcconfig */ = {isa = PBXFileReference; lastKnownFileType = text.xcconfig; name = "LaunchPad MSP432P401 EMT.xcconfig"; path = "Configurations/LaunchPad MSP432P401 EMT.xcconfig"; sourceTree = "<group>"; };
		9D7D42891C27C120008F76E5 /* LaunchPad CC3200 WiFi.xcconfig */ = {isa = PBXFileReference; lastKnownFileType = text.xcconfig; name = "LaunchPad CC3200 WiFi.xcconfig"; path = "Configurations/LaunchPad CC3200 WiFi.xcconfig"; sourceTree = "<group>"; };
		9D7D428A1C27C120008F76E5 /* LaunchPad CC3200 WiFi EMT.xcconfig */ = {isa = PBXFileReference; lastKnownFileType = text.xcconfig; name = "LaunchPad CC3200 WiFi EMT.xcconfig"; path = "Configurations/LaunchPad CC3200 WiFi EMT.xcconfig"; sourceTree = "<group>"; };
		9D7D428B1C27C120008F76E5 /* LaunchPad LM4F120 Stellaris.xcconfig */ = {isa = PBXFileReference; lastKnownFileType = text.xcconfig; name = "LaunchPad LM4F120 Stellaris.xcconfig"; path = "Configurations/LaunchPad LM4F120 Stellaris.xcconfig"; sourceTree = "<group>"; };
		9D7D428C1C27C120008F76E5 /* LaunchPad TM4C123 Tiva C.xcconfig */ = {isa = PBXFileReference; lastKnownFileType = text.xcconfig; name = "LaunchPad TM4C123 Tiva C.xcconfig"; path = "Configurations/LaunchPad TM4C123 Tiva C.xcconfig"; sourceTree = "<group>"; };
		9D7D428D1C27C120008F76E5 /* LaunchPad TM4C129 Connected.xcconfig */ = {isa = PBXFileReference; lastKnownFileType = text.xcconfig; name = "LaunchPad TM4C129 Connected.xcconfig"; path = "Configurations/LaunchPad TM4C129 Connected.xcconfig"; sourceTree = "<group>"; };
		9D7D428E1C27C120008F76E5 /* LaunchPad MSP430G2231.xcconfig */ = {isa = PBXFileReference; lastKnownFileType = text.xcconfig; name = "LaunchPad MSP430G2231.xcconfig"; path = "Configurations/LaunchPad MSP430G2231.xcconfig"; sourceTree = "<group>"; };
		9D7D428F1C27C120008F76E5 /* LaunchPad MSP430G2452.xcconfig */ = {isa = PBXFileReference; lastKnownFileType = text.xcconfig; name = "LaunchPad MSP430G2452.xcconfig"; path = "Configurations/LaunchPad MSP430G2452.xcconfig"; sourceTree = "<group>"; };
		9D7D42901C27C120008F76E5 /* LaunchPad MSP430G2553.xcconfig */ = {isa = PBXFileReference; lastKnownFileType = text.xcconfig; name = "LaunchPad MSP430G2553.xcconfig"; path = "Configurations/LaunchPad MSP430G2553.xcconfig"; sourceTree = "<group>"; };
		9D7D42911C27C120008F76E5 /* LaunchPad MSP430F5529.xcconfig */ = {isa = PBXFileReference; lastKnownFileType = text.xcconfig; name = "LaunchPad MSP430F5529.xcconfig"; path = "Configurations/LaunchPad MSP430F5529.xcconfig"; sourceTree = "<group>"; };
		9D7D42921C27C120008F76E5 /* LaunchPad MSP430FR4133.xcconfig */ = {isa = PBXFileReference; lastKnownFileType = text.xcconfig; name = "LaunchPad MSP430FR4133.xcconfig"; path = "Configurations/LaunchPad MSP430FR4133.xcconfig"; sourceTree = "<group>"; };
		9D7D42931C27C120008F76E5 /* LaunchPad MSP430FR5969.xcconfig */ = {isa = PBXFileReference; lastKnownFileType = text.xcconfig; name = "LaunchPad MSP430FR5969.xcconfig"; path = "Configurations/LaunchPad MSP430FR5969.xcconfig"; sourceTree = "<group>"; };
		9D7D42941C27C120008F76E5 /* LaunchPad MSP430FR6989.xcconfig */ = {isa = PBXFileReference; lastKnownFileType = text.xcconfig; name = "LaunchPad MSP430FR6989.xcconfig"; path = "Configurations/LaunchPad MSP430FR6989.xcconfig"; sourceTree = "<group>"; };
		9D7D42951C27C120008F76E5 /* Little Robot Friends.xcconfig */ = {isa = PBXFileReference; lastKnownFileType = text.xcconfig; name = "Little Robot Friends.xcconfig"; path = "Configurations/Little Robot Friends.xcconfig"; sourceTree = "<group>"; };
		9D7D42961C27C120008F76E5 /* Maple Flash revision 3+.xcconfig */ = {isa = PBXFileReference; lastKnownFileType = text.xcconfig; name = "Maple Flash revision 3+.xcconfig"; path = "Configurations/Maple Flash revision 3+.xcconfig"; sourceTree = "<group>"; };
		9D7D42971C27C120008F76E5 /* Maple RAM revision 3+.xcconfig */ = {isa = PBXFileReference; lastKnownFileType = text.xcconfig; name = "Maple RAM revision 3+.xcconfig"; path = "Configurations/Maple RAM revision 3+.xcconfig"; sourceTree = "<group>"; };
		9D7D42981C27C120008F76E5 /* Microduino Core STM32 Flash.xcconfig */ = {isa = PBXFileReference; lastKnownFileType = text.xcconfig; name = "Microduino Core STM32 Flash.xcconfig"; path = "Configurations/Microduino Core STM32 Flash.xcconfig"; sourceTree = "<group>"; };
		9D7D42991C27C120008F76E5 /* Microduino Core STM32 RAM.xcconfig */ = {isa = PBXFileReference; lastKnownFileType = text.xcconfig; name = "Microduino Core STM32 RAM.xcconfig"; path = "Configurations/Microduino Core STM32 RAM.xcconfig"; sourceTree = "<group>"; };
		9D7D429A1C27C120008F76E5 /* Microduino Core USB ATmega328U4-5V.xcconfig */ = {isa = PBXFileReference; lastKnownFileType = text.xcconfig; name = "Microduino Core USB ATmega328U4-5V.xcconfig"; path = "Configurations/Microduino Core USB ATmega328U4-5V.xcconfig"; sourceTree = "<group>"; };
		9D7D429B1C27C120008F76E5 /* Microduino Core ATmega328-5V.xcconfig */ = {isa = PBXFileReference; lastKnownFileType = text.xcconfig; name = "Microduino Core ATmega328-5V.xcconfig"; path = "Configurations/Microduino Core ATmega328-5V.xcconfig"; sourceTree = "<group>"; };
		9D7D429C1C27C120008F76E5 /* Microduino Core+ ATmega644-5V.xcconfig */ = {isa = PBXFileReference; lastKnownFileType = text.xcconfig; name = "Microduino Core+ ATmega644-5V.xcconfig"; path = "Configurations/Microduino Core+ ATmega644-5V.xcconfig"; sourceTree = "<group>"; };
		9D7D429D1C27C120008F76E5 /* panStamp AVR.xcconfig */ = {isa = PBXFileReference; lastKnownFileType = text.xcconfig; name = "panStamp AVR.xcconfig"; path = "Configurations/panStamp AVR.xcconfig"; sourceTree = "<group>"; };
		9D7D429E1C27C120008F76E5 /* panStamp NRG 1.0.xcconfig */ = {isa = PBXFileReference; lastKnownFileType = text.xcconfig; name = "panStamp NRG 1.0.xcconfig"; path = "Configurations/panStamp NRG 1.0.xcconfig"; sourceTree = "<group>"; };
		9D7D429F1C27C120008F76E5 /* panStamp NRG 1.1.xcconfig */ = {isa = PBXFileReference; lastKnownFileType = text.xcconfig; name = "panStamp NRG 1.1.xcconfig"; path = "Configurations/panStamp NRG 1.1.xcconfig"; sourceTree = "<group>"; };
		9D7D42A01C27C120008F76E5 /* RedBearLab BLE Nano.xcconfig */ = {isa = PBXFileReference; lastKnownFileType = text.xcconfig; name = "RedBearLab BLE Nano.xcconfig"; path = "Configurations/RedBearLab BLE Nano.xcconfig"; sourceTree = "<group>"; };
		9D7D42A11C27C120008F76E5 /* RedBearLab nRF51822.xcconfig */ = {isa = PBXFileReference; lastKnownFileType = text.xcconfig; name = "RedBearLab nRF51822.xcconfig"; path = "Configurations/RedBearLab nRF51822.xcconfig"; sourceTree = "<group>"; };
		9D7D42A21C27C120008F76E5 /* RedBearLab WiFi CC3200.xcconfig */ = {isa = PBXFileReference; lastKnownFileType = text.xcconfig; name = "RedBearLab WiFi CC3200.xcconfig"; path = "Configurations/RedBearLab WiFi CC3200.xcconfig"; sourceTree = "<group>"; };
		9D7D42A31C27C120008F76E5 /* RedBearLab WiFi CC3200 EMT.xcconfig */ = {isa = PBXFileReference; lastKnownFileType = text.xcconfig; name = "RedBearLab WiFi CC3200 EMT.xcconfig"; path = "Configurations/RedBearLab WiFi CC3200 EMT.xcconfig"; sourceTree = "<group>"; };
		9D7D42A41C27C120008F76E5 /* RedBearLab WiFi Mini CC3200.xcconfig */ = {isa = PBXFileReference; lastKnownFileType = text.xcconfig; name = "RedBearLab WiFi Mini CC3200.xcconfig"; path = "Configurations/RedBearLab WiFi Mini CC3200.xcconfig"; sourceTree = "<group>"; };
		9D7D42A51C27C120008F76E5 /* RedBearLab WiFi Mini CC3200 EMT.xcconfig */ = {isa = PBXFileReference; lastKnownFileType = text.xcconfig; name = "RedBearLab WiFi Mini CC3200 EMT.xcconfig"; path = "Configurations/RedBearLab WiFi Mini CC3200 EMT.xcconfig"; sourceTree = "<group>"; };
		9D7D42A61C27C120008F76E5 /* Teensy 2.0.xcconfig */ = {isa = PBXFileReference; lastKnownFileType = text.xcconfig; name = "Teensy 2.0.xcconfig"; path = "Configurations/Teensy 2.0.xcconfig"; sourceTree = "<group>"; };
		9D7D42A71C27C120008F76E5 /* Teensy 3.0.xcconfig */ = {isa = PBXFileReference; lastKnownFileType = text.xcconfig; name = "Teensy 3.0.xcconfig"; path = "Configurations/Teensy 3.0.xcconfig"; sourceTree = "<group>"; };
		9D7D42A81C27C120008F76E5 /* Teensy 3.1.xcconfig */ = {isa = PBXFileReference; lastKnownFileType = text.xcconfig; name = "Teensy 3.1.xcconfig"; path = "Configurations/Teensy 3.1.xcconfig"; sourceTree = "<group>"; };
		9D7D42A91C27C120008F76E5 /* Teensy LC.xcconfig */ = {isa = PBXFileReference; lastKnownFileType = text.xcconfig; name = "Teensy LC.xcconfig"; path = "Configurations/Teensy LC.xcconfig"; sourceTree = "<group>"; };
		9D7D42AA1C27C120008F76E5 /* Wiring S.xcconfig */ = {isa = PBXFileReference; lastKnownFileType = text.xcconfig; name = "Wiring S.xcconfig"; path = "Configurations/Wiring S.xcconfig"; sourceTree = "<group>"; };
		9D7D42AC1C27C120008F76E5 /* AdafruitAVR_165.mk */ = {isa = PBXFileReference; lastKnownFileType = text; name = AdafruitAVR_165.mk; path = Makefiles/AdafruitAVR_165.mk; sourceTree = "<group>"; };
		9D7D42AD1C27C120008F76E5 /* ArduinoAVR_165.mk */ = {isa = PBXFileReference; lastKnownFileType = text; name = ArduinoAVR_165.mk; path = Makefiles/ArduinoAVR_165.mk; sourceTree = "<group>"; };
		9D7D42AE1C27C120008F76E5 /* ArduinoAVR_166.mk */ = {isa = PBXFileReference; lastKnownFileType = text; name = ArduinoAVR_166.mk; path = Makefiles/ArduinoAVR_166.mk; sourceTree = "<group>"; };
		9D7D42AF1C27C120008F76E5 /* ArduinoAVR_177.mk */ = {isa = PBXFileReference; lastKnownFileType = text; name = ArduinoAVR_177.mk; path = Makefiles/ArduinoAVR_177.mk; sourceTree = "<group>"; };
		9D7D42B01C27C120008F76E5 /* ArduinoSAM_165.mk */ = {isa = PBXFileReference; lastKnownFileType = text; name = ArduinoSAM_165.mk; path = Makefiles/ArduinoSAM_165.mk; sourceTree = "<group>"; };
		9D7D42B11C27C120008F76E5 /* ArduinoSAM_177.mk */ = {isa = PBXFileReference; lastKnownFileType = text; name = ArduinoSAM_177.mk; path = Makefiles/ArduinoSAM_177.mk; sourceTree = "<group>"; };
		9D7D42B21C27C120008F76E5 /* ArduinoSAMD_165.mk */ = {isa = PBXFileReference; lastKnownFileType = text; name = ArduinoSAMD_165.mk; path = Makefiles/ArduinoSAMD_165.mk; sourceTree = "<group>"; };
		9D7D42B31C27C120008F76E5 /* ArduinoSAMD_177.mk */ = {isa = PBXFileReference; lastKnownFileType = text; name = ArduinoSAMD_177.mk; path = Makefiles/ArduinoSAMD_177.mk; sourceTree = "<group>"; };
		9D7D42B41C27C120008F76E5 /* DigisparkAVR_165.mk */ = {isa = PBXFileReference; lastKnownFileType = text; name = DigisparkAVR_165.mk; path = Makefiles/DigisparkAVR_165.mk; sourceTree = "<group>"; };
		9D7D42B51C27C120008F76E5 /* EnergiaMSP430.mk */ = {isa = PBXFileReference; lastKnownFileType = text; name = EnergiaMSP430.mk; path = Makefiles/EnergiaMSP430.mk; sourceTree = "<group>"; };
		9D7D42B61C27C120008F76E5 /* EnergiaMSP432EMT.mk */ = {isa = PBXFileReference; lastKnownFileType = text; name = EnergiaMSP432EMT.mk; path = Makefiles/EnergiaMSP432EMT.mk; sourceTree = "<group>"; };
		9D7D42B71C27C120008F76E5 /* EnergiaLM4F.mk */ = {isa = PBXFileReference; lastKnownFileType = text; name = EnergiaLM4F.mk; path = Makefiles/EnergiaLM4F.mk; sourceTree = "<group>"; };
		9D7D42B81C27C120008F76E5 /* EnergiaCC3200.mk */ = {isa = PBXFileReference; lastKnownFileType = text; name = EnergiaCC3200.mk; path = Makefiles/EnergiaCC3200.mk; sourceTree = "<group>"; };
		9D7D42B91C27C120008F76E5 /* EnergiaCC3200EMT.mk */ = {isa = PBXFileReference; lastKnownFileType = text; name = EnergiaCC3200EMT.mk; path = Makefiles/EnergiaCC3200EMT.mk; sourceTree = "<group>"; };
		9D7D42BA1C27C120008F76E5 /* Edison_165.mk */ = {isa = PBXFileReference; lastKnownFileType = text; name = Edison_165.mk; path = Makefiles/Edison_165.mk; sourceTree = "<group>"; };
		9D7D42BB1C27C120008F76E5 /* Galileo_165.mk */ = {isa = PBXFileReference; lastKnownFileType = text; name = Galileo_165.mk; path = Makefiles/Galileo_165.mk; sourceTree = "<group>"; };
		9D7D42BC1C27C120008F76E5 /* ESP8266_165.mk */ = {isa = PBXFileReference; lastKnownFileType = text; name = ESP8266_165.mk; path = Makefiles/ESP8266_165.mk; sourceTree = "<group>"; };
		9D7D42BD1C27C120008F76E5 /* MapleIDE.mk */ = {isa = PBXFileReference; lastKnownFileType = text; name = MapleIDE.mk; path = Makefiles/MapleIDE.mk; sourceTree = "<group>"; };
		9D7D42BE1C27C120008F76E5 /* LittleRobotFriends_165.mk */ = {isa = PBXFileReference; lastKnownFileType = text; name = LittleRobotFriends_165.mk; path = Makefiles/LittleRobotFriends_165.mk; sourceTree = "<group>"; };
		9D7D42BF1C27C120008F76E5 /* RedBearLabAVR_165.mk */ = {isa = PBXFileReference; lastKnownFileType = text; name = RedBearLabAVR_165.mk; path = Makefiles/RedBearLabAVR_165.mk; sourceTree = "<group>"; };
		9D7D42C01C27C120008F76E5 /* RedBearLabNRF_165.mk */ = {isa = PBXFileReference; lastKnownFileType = text; name = RedBearLabNRF_165.mk; path = Makefiles/RedBearLabNRF_165.mk; sourceTree = "<group>"; };
		9D7D42C11C27C120008F76E5 /* Microduino_16.mk */ = {isa = PBXFileReference; lastKnownFileType = text; name = Microduino_16.mk; path = Makefiles/Microduino_16.mk; sourceTree = "<group>"; };
		9D7D42C21C27C120008F76E5 /* Mpide.mk */ = {isa = PBXFileReference; lastKnownFileType = text; name = Mpide.mk; path = Makefiles/Mpide.mk; sourceTree = "<group>"; };
		9D7D42C31C27C120008F76E5 /* panStampAVR_165.mk */ = {isa = PBXFileReference; lastKnownFileType = text; name = panStampAVR_165.mk; path = Makefiles/panStampAVR_165.mk; sourceTree = "<group>"; };
		9D7D42C41C27C120008F76E5 /* panStampNRG_165.mk */ = {isa = PBXFileReference; lastKnownFileType = text; name = panStampNRG_165.mk; path = Makefiles/panStampNRG_165.mk; sourceTree = "<group>"; };
		9D7D42C51C27C120008F76E5 /* Wiring.mk */ = {isa = PBXFileReference; lastKnownFileType = text; name = Wiring.mk; path = Makefiles/Wiring.mk; sourceTree = "<group>"; };
		9D7D42C61C27C120008F76E5 /* About.mk */ = {isa = PBXFileReference; lastKnownFileType = text; name = About.mk; path = Makefiles/About.mk; sourceTree = "<group>"; };
		9D7D42C71C27C120008F76E5 /* Step1.mk */ = {isa = PBXFileReference; lastKnownFileType = text; name = Step1.mk; path = Makefiles/Step1.mk; sourceTree = "<group>"; };
		9D7D42C81C27C120008F76E5 /* Step2.mk */ = {isa = PBXFileReference; lastKnownFileType = text; name = Step2.mk; path = Makefiles/Step2.mk; sourceTree = "<group>"; };
		9D7D42C91C27C120008F76E5 /* Teensy.mk */ = {isa = PBXFileReference; lastKnownFileType = text; name = Teensy.mk; path = Makefiles/Teensy.mk; sourceTree = "<group>"; };
		9D7D42CA1C27C120008F76E5 /* Teensy2.mk */ = {isa = PBXFileReference; lastKnownFileType = text; name = Teensy2.mk; path = Makefiles/Teensy2.mk; sourceTree = "<group>"; };
		9D7D42CB1C27C120008F76E5 /* Teensy3.mk */ = {isa = PBXFileReference; lastKnownFileType = text; name = Teensy3.mk; path = Makefiles/Teensy3.mk; sourceTree = "<group>"; };
		9D7D42CC1C27C120008F76E5 /* Avrdude.mk */ = {isa = PBXFileReference; lastKnownFileType = text; name = Avrdude.mk; path = Makefiles/Avrdude.mk; sourceTree = "<group>"; };
		9D7D42CE1C27C120008F76E5 /* reset_maple.py */ = {isa = PBXFileReference; lastKnownFileType = text.script.python; name = reset_maple.py; path = Utilities/reset_maple.py; sourceTree = "<group>"; };
		9D7D42CF1C27C120008F76E5 /* reset_1200.py */ = {isa = PBXFileReference; lastKnownFileType = text.script.python; name = reset_1200.py; path = Utilities/reset_1200.py; sourceTree = "<group>"; };
		9D7D42D01C27C120008F76E5 /* embedXcode_prepare */ = {isa = PBXFileReference; lastKnownFileType = "compiled.mach-o.executable"; name = embedXcode_prepare; path = Utilities/embedXcode_prepare; sourceTree = "<group>"; };
		9D7D42D11C27C120008F76E5 /* embedXcode_check */ = {isa = PBXFileReference; lastKnownFileType = "compiled.mach-o.executable"; name = embedXcode_check; path = Utilities/embedXcode_check; sourceTree = "<group>"; };
		9D7D42D21C27C120008F76E5 /* embedXcode_chrono */ = {isa = PBXFileReference; lastKnownFileType = "compiled.mach-o.executable"; name = embedXcode_chrono; path = Utilities/embedXcode_chrono; sourceTree = "<group>"; };
		9D7D42D31C27C120008F76E5 /* TemplateIcon.icns */ = {isa = PBXFileReference; lastKnownFileType = image.icns; name = TemplateIcon.icns; path = Utilities/TemplateIcon.icns; sourceTree = "<group>"; };
		9D7D42D41C27C120008F76E5 /* uploader_izmir.sh */ = {isa = PBXFileReference; lastKnownFileType = text.script.sh; name = uploader_izmir.sh; path = Utilities/uploader_izmir.sh; sourceTree = "<group>"; };
		9D7D42D51C27C120008F76E5 /* ArudinoBLETest.ino */ = {isa = PBXFileReference; lastKnownFileType = text; path = ArudinoBLETest.ino; sourceTree = "<group>"; };
/* End PBXFileReference section */

/* Begin PBXGroup section */
		9D7D424A1C27C120008F76E5 = {
			isa = PBXGroup;
			children = (
				9D7D42581C27C120008F76E5 /* ArudinoBLETest */,
				9D7D42571C27C120008F76E5 /* Products */,
			);
			sourceTree = "<group>";
		};
		9D7D42571C27C120008F76E5 /* Products */ = {
			isa = PBXGroup;
			children = (
				9D7D42561C27C120008F76E5 /* Index */,
			);
			name = Products;
			sourceTree = "<group>";
		};
		9D7D42581C27C120008F76E5 /* ArudinoBLETest */ = {
			isa = PBXGroup;
			children = (
				9D7D42591C27C120008F76E5 /* main.cpp */,
				9D7D425B1C27C120008F76E5 /* Makefile */,
				9D7D425D1C27C120008F76E5 /* ReadMe.txt */,
				9D7D42D51C27C120008F76E5 /* ArudinoBLETest.ino */,
				9D7D425E1C27C120008F76E5 /* Sketchbook */,
				9D7D42601C27C120008F76E5 /* Configurations */,
				9D7D42AB1C27C120008F76E5 /* Makefiles */,
				9D7D42CD1C27C120008F76E5 /* Utilities */,
			);
			path = ArudinoBLETest;
			sourceTree = "<group>";
		};
		9D7D425E1C27C120008F76E5 /* Sketchbook */ = {
			isa = PBXGroup;
			children = (
				9D7D425F1C27C120008F76E5 /* Sketchbook.txt */,
			);
			name = Sketchbook;
			sourceTree = "<group>";
		};
		9D7D42601C27C120008F76E5 /* Configurations */ = {
			isa = PBXGroup;
			children = (
				9D7D42611C27C120008F76E5 /* 4D Systems PICadillo 35T.xcconfig */,
				9D7D42621C27C120008F76E5 /* Adafruit Pro Trinket 3V-12MHz.xcconfig */,
				9D7D42631C27C120008F76E5 /* Adafruit Pro Trinket 5V-16MHz.xcconfig */,
				9D7D42641C27C120008F76E5 /* Adafruit Trinket 3V-8MHz.xcconfig */,
				9D7D42651C27C120008F76E5 /* Adafruit Trinket 5V-16MHz.xcconfig */,
				9D7D42661C27C120008F76E5 /* Arduino Due (Native USB Port).xcconfig */,
				9D7D42671C27C120008F76E5 /* Arduino Due (Programming Port).xcconfig */,
				9D7D42681C27C120008F76E5 /* Arduino Duemilanove.xcconfig */,
				9D7D42691C27C120008F76E5 /* Arduino Leonardo.xcconfig */,
				9D7D426A1C27C120008F76E5 /* Arduino Mega 2560.xcconfig */,
				9D7D426B1C27C120008F76E5 /* Arduino Micro.xcconfig */,
				9D7D426C1C27C120008F76E5 /* Arduino Pro ATmega328-3.3V.xcconfig */,
				9D7D426D1C27C120008F76E5 /* Arduino Pro ATmega328-5V.xcconfig */,
				9D7D426E1C27C120008F76E5 /* Arduino Mini ATmega168.xcconfig */,
				9D7D426F1C27C120008F76E5 /* Arduino Mini ATmega328.xcconfig */,
				9D7D42701C27C120008F76E5 /* Arduino Nano ATmega168.xcconfig */,
				9D7D42711C27C120008F76E5 /* Arduino Nano ATmega328.xcconfig */,
				9D7D42721C27C120008F76E5 /* Arduino Robot Control.xcconfig */,
				9D7D42731C27C120008F76E5 /* Arduino Robot Motor.xcconfig */,
				9D7D42741C27C120008F76E5 /* Arduino Uno.xcconfig */,
				9D7D42751C27C120008F76E5 /* Arduino Yun.xcconfig */,
				9D7D42761C27C120008F76E5 /* ArduinoORG M0 Pro (Native USB Port).xcconfig */,
				9D7D42771C27C120008F76E5 /* ArduinoORG M0 Pro (Programming Port).xcconfig */,
				9D7D42781C27C120008F76E5 /* chipKIT DP32.xcconfig */,
				9D7D42791C27C120008F76E5 /* chipKIT Max32.xcconfig */,
				9D7D427A1C27C120008F76E5 /* chipKIT uC32.xcconfig */,
				9D7D427B1C27C120008F76E5 /* chipKIT Uno32.xcconfig */,
				9D7D427C1C27C120008F76E5 /* chipKIT WF32.xcconfig */,
				9D7D427D1C27C120008F76E5 /* chipKIT WiFire.xcconfig */,
				9D7D427E1C27C120008F76E5 /* DFRobot BLuno.xcconfig */,
				9D7D427F1C27C120008F76E5 /* DFRobot Wido.xcconfig */,
				9D7D42801C27C120008F76E5 /* Digispark Tiny Core.xcconfig */,
				9D7D42811C27C120008F76E5 /* ESP8266.xcconfig */,
				9D7D42821C27C120008F76E5 /* NodeMCU 0.9 ESP-12.xcconfig */,
				9D7D42831C27C120008F76E5 /* NodeMCU 1.0 ESP-12E.xcconfig */,
				9D7D42841C27C120008F76E5 /* Experimeter Board MSP430FR5739.xcconfig */,
				9D7D42851C27C120008F76E5 /* Intel Edison.xcconfig */,
				9D7D42861C27C120008F76E5 /* Intel Galileo.xcconfig */,
				9D7D42871C27C120008F76E5 /* Intel Galileo Gen2.xcconfig */,
				9D7D42881C27C120008F76E5 /* LaunchPad MSP432P401 EMT.xcconfig */,
				9D7D42891C27C120008F76E5 /* LaunchPad CC3200 WiFi.xcconfig */,
				9D7D428A1C27C120008F76E5 /* LaunchPad CC3200 WiFi EMT.xcconfig */,
				9D7D428B1C27C120008F76E5 /* LaunchPad LM4F120 Stellaris.xcconfig */,
				9D7D428C1C27C120008F76E5 /* LaunchPad TM4C123 Tiva C.xcconfig */,
				9D7D428D1C27C120008F76E5 /* LaunchPad TM4C129 Connected.xcconfig */,
				9D7D428E1C27C120008F76E5 /* LaunchPad MSP430G2231.xcconfig */,
				9D7D428F1C27C120008F76E5 /* LaunchPad MSP430G2452.xcconfig */,
				9D7D42901C27C120008F76E5 /* LaunchPad MSP430G2553.xcconfig */,
				9D7D42911C27C120008F76E5 /* LaunchPad MSP430F5529.xcconfig */,
				9D7D42921C27C120008F76E5 /* LaunchPad MSP430FR4133.xcconfig */,
				9D7D42931C27C120008F76E5 /* LaunchPad MSP430FR5969.xcconfig */,
				9D7D42941C27C120008F76E5 /* LaunchPad MSP430FR6989.xcconfig */,
				9D7D42951C27C120008F76E5 /* Little Robot Friends.xcconfig */,
				9D7D42961C27C120008F76E5 /* Maple Flash revision 3+.xcconfig */,
				9D7D42971C27C120008F76E5 /* Maple RAM revision 3+.xcconfig */,
				9D7D42981C27C120008F76E5 /* Microduino Core STM32 Flash.xcconfig */,
				9D7D42991C27C120008F76E5 /* Microduino Core STM32 RAM.xcconfig */,
				9D7D429A1C27C120008F76E5 /* Microduino Core USB ATmega328U4-5V.xcconfig */,
				9D7D429B1C27C120008F76E5 /* Microduino Core ATmega328-5V.xcconfig */,
				9D7D429C1C27C120008F76E5 /* Microduino Core+ ATmega644-5V.xcconfig */,
				9D7D429D1C27C120008F76E5 /* panStamp AVR.xcconfig */,
				9D7D429E1C27C120008F76E5 /* panStamp NRG 1.0.xcconfig */,
				9D7D429F1C27C120008F76E5 /* panStamp NRG 1.1.xcconfig */,
				9D7D42A01C27C120008F76E5 /* RedBearLab BLE Nano.xcconfig */,
				9D7D42A11C27C120008F76E5 /* RedBearLab nRF51822.xcconfig */,
				9D7D42A21C27C120008F76E5 /* RedBearLab WiFi CC3200.xcconfig */,
				9D7D42A31C27C120008F76E5 /* RedBearLab WiFi CC3200 EMT.xcconfig */,
				9D7D42A41C27C120008F76E5 /* RedBearLab WiFi Mini CC3200.xcconfig */,
				9D7D42A51C27C120008F76E5 /* RedBearLab WiFi Mini CC3200 EMT.xcconfig */,
				9D7D42A61C27C120008F76E5 /* Teensy 2.0.xcconfig */,
				9D7D42A71C27C120008F76E5 /* Teensy 3.0.xcconfig */,
				9D7D42A81C27C120008F76E5 /* Teensy 3.1.xcconfig */,
				9D7D42A91C27C120008F76E5 /* Teensy LC.xcconfig */,
				9D7D42AA1C27C120008F76E5 /* Wiring S.xcconfig */,
			);
			name = Configurations;
			sourceTree = "<group>";
		};
		9D7D42AB1C27C120008F76E5 /* Makefiles */ = {
			isa = PBXGroup;
			children = (
				9D7D42AC1C27C120008F76E5 /* AdafruitAVR_165.mk */,
				9D7D42AD1C27C120008F76E5 /* ArduinoAVR_165.mk */,
				9D7D42AE1C27C120008F76E5 /* ArduinoAVR_166.mk */,
				9D7D42AF1C27C120008F76E5 /* ArduinoAVR_177.mk */,
				9D7D42B01C27C120008F76E5 /* ArduinoSAM_165.mk */,
				9D7D42B11C27C120008F76E5 /* ArduinoSAM_177.mk */,
				9D7D42B21C27C120008F76E5 /* ArduinoSAMD_165.mk */,
				9D7D42B31C27C120008F76E5 /* ArduinoSAMD_177.mk */,
				9D7D42B41C27C120008F76E5 /* DigisparkAVR_165.mk */,
				9D7D42B51C27C120008F76E5 /* EnergiaMSP430.mk */,
				9D7D42B61C27C120008F76E5 /* EnergiaMSP432EMT.mk */,
				9D7D42B71C27C120008F76E5 /* EnergiaLM4F.mk */,
				9D7D42B81C27C120008F76E5 /* EnergiaCC3200.mk */,
				9D7D42B91C27C120008F76E5 /* EnergiaCC3200EMT.mk */,
				9D7D42BA1C27C120008F76E5 /* Edison_165.mk */,
				9D7D42BB1C27C120008F76E5 /* Galileo_165.mk */,
				9D7D42BC1C27C120008F76E5 /* ESP8266_165.mk */,
				9D7D42BD1C27C120008F76E5 /* MapleIDE.mk */,
				9D7D42BE1C27C120008F76E5 /* LittleRobotFriends_165.mk */,
				9D7D42BF1C27C120008F76E5 /* RedBearLabAVR_165.mk */,
				9D7D42C01C27C120008F76E5 /* RedBearLabNRF_165.mk */,
				9D7D42C11C27C120008F76E5 /* Microduino_16.mk */,
				9D7D42C21C27C120008F76E5 /* Mpide.mk */,
				9D7D42C31C27C120008F76E5 /* panStampAVR_165.mk */,
				9D7D42C41C27C120008F76E5 /* panStampNRG_165.mk */,
				9D7D42C51C27C120008F76E5 /* Wiring.mk */,
				9D7D42C61C27C120008F76E5 /* About.mk */,
				9D7D42C71C27C120008F76E5 /* Step1.mk */,
				9D7D42C81C27C120008F76E5 /* Step2.mk */,
				9D7D42C91C27C120008F76E5 /* Teensy.mk */,
				9D7D42CA1C27C120008F76E5 /* Teensy2.mk */,
				9D7D42CB1C27C120008F76E5 /* Teensy3.mk */,
				9D7D42CC1C27C120008F76E5 /* Avrdude.mk */,
			);
			name = Makefiles;
			sourceTree = "<group>";
		};
		9D7D42CD1C27C120008F76E5 /* Utilities */ = {
			isa = PBXGroup;
			children = (
				9D7D42CE1C27C120008F76E5 /* reset_maple.py */,
				9D7D42CF1C27C120008F76E5 /* reset_1200.py */,
				9D7D42D01C27C120008F76E5 /* embedXcode_prepare */,
				9D7D42D11C27C120008F76E5 /* embedXcode_check */,
				9D7D42D21C27C120008F76E5 /* embedXcode_chrono */,
				9D7D42D31C27C120008F76E5 /* TemplateIcon.icns */,
				9D7D42D41C27C120008F76E5 /* uploader_izmir.sh */,
			);
			name = Utilities;
			sourceTree = "<group>";
		};
/* End PBXGroup section */

/* Begin PBXLegacyTarget section */
		9D7D424F1C27C120008F76E5 /* All */ = {
			isa = PBXLegacyTarget;
			buildArgumentsString = "all -C \"$(PROJECT)\"";
			buildConfigurationList = 9D7D42D81C27C120008F76E5 /* Build configuration list for PBXLegacyTarget "All" */;
			buildPhases = (
			);
			buildToolPath = make;
			dependencies = (
			);
			name = All;
			passBuildSettingsInEnvironment = 1;
			productName = All;
		};
		9D7D42501C27C120008F76E5 /* Build */ = {
			isa = PBXLegacyTarget;
			buildArgumentsString = "build -C \"$(PROJECT)\"";
			buildConfigurationList = 9D7D42DB1C27C120008F76E5 /* Build configuration list for PBXLegacyTarget "Build" */;
			buildPhases = (
			);
			buildToolPath = make;
			dependencies = (
			);
			name = Build;
			passBuildSettingsInEnvironment = 1;
			productName = Build;
		};
		9D7D42511C27C120008F76E5 /* Boards */ = {
			isa = PBXLegacyTarget;
			buildArgumentsString = "boards -C \"$(PROJECT)\"";
			buildConfigurationList = 9D7D42DE1C27C120008F76E5 /* Build configuration list for PBXLegacyTarget "Boards" */;
			buildPhases = (
			);
			buildToolPath = make;
			dependencies = (
			);
			name = Boards;
			passBuildSettingsInEnvironment = 1;
			productName = Boards;
		};
		9D7D42521C27C120008F76E5 /* Serial */ = {
			isa = PBXLegacyTarget;
			buildArgumentsString = "serial -C \"$(PROJECT)\"";
			buildConfigurationList = 9D7D42E11C27C120008F76E5 /* Build configuration list for PBXLegacyTarget "Serial" */;
			buildPhases = (
			);
			buildToolPath = make;
			dependencies = (
			);
			name = Serial;
			passBuildSettingsInEnvironment = 1;
			productName = Serial;
		};
		9D7D42531C27C120008F76E5 /* Upload */ = {
			isa = PBXLegacyTarget;
			buildArgumentsString = "upload -C \"$(PROJECT)\"";
			buildConfigurationList = 9D7D42E41C27C120008F76E5 /* Build configuration list for PBXLegacyTarget "Upload" */;
			buildPhases = (
			);
			buildToolPath = make;
			dependencies = (
			);
			name = Upload;
			passBuildSettingsInEnvironment = 1;
			productName = Upload;
		};
/* End PBXLegacyTarget section */

/* Begin PBXNativeTarget section */
		9D7D42551C27C120008F76E5 /* Index */ = {
			isa = PBXNativeTarget;
			buildConfigurationList = 9D7D42E71C27C120008F76E5 /* Build configuration list for PBXNativeTarget "Index" */;
			buildPhases = (
				9D7D42541C27C120008F76E5 /* Sources */,
			);
			buildRules = (
			);
			dependencies = (
			);
			name = Index;
			productName = Index;
			productReference = 9D7D42561C27C120008F76E5 /* Index */;
			productType = "com.apple.product-type.tool";
		};
/* End PBXNativeTarget section */

/* Begin PBXProject section */
		9D7D424B1C27C120008F76E5 /* Project object */ = {
			isa = PBXProject;
			attributes = {
				LastUpgradeCheck = 0720;
				ORGANIZATIONNAME = "Corbin Dunn";
				TargetAttributes = {
					9D7D424F1C27C120008F76E5 = {
						CreatedOnToolsVersion = 7.2;
					};
					9D7D42501C27C120008F76E5 = {
						CreatedOnToolsVersion = 7.2;
					};
					9D7D42511C27C120008F76E5 = {
						CreatedOnToolsVersion = 7.2;
					};
					9D7D42521C27C120008F76E5 = {
						CreatedOnToolsVersion = 7.2;
					};
					9D7D42531C27C120008F76E5 = {
						CreatedOnToolsVersion = 7.2;
					};
					9D7D42551C27C120008F76E5 = {
						CreatedOnToolsVersion = 7.2;
					};
				};
			};
			buildConfigurationList = 9D7D424E1C27C120008F76E5 /* Build configuration list for PBXProject "ArudinoBLETest" */;
			compatibilityVersion = "Xcode 3.2";
			developmentRegion = English;
			hasScannedForEncodings = 0;
			knownRegions = (
				en,
			);
			mainGroup = 9D7D424A1C27C120008F76E5;
			productRefGroup = 9D7D42571C27C120008F76E5 /* Products */;
			projectDirPath = "";
			projectRoot = "";
			targets = (
				9D7D424F1C27C120008F76E5 /* All */,
				9D7D42501C27C120008F76E5 /* Build */,
				9D7D42511C27C120008F76E5 /* Boards */,
				9D7D42521C27C120008F76E5 /* Serial */,
				9D7D42531C27C120008F76E5 /* Upload */,
				9D7D42551C27C120008F76E5 /* Index */,
			);
		};
/* End PBXProject section */

/* Begin PBXSourcesBuildPhase section */
		9D7D42541C27C120008F76E5 /* Sources */ = {
			isa = PBXSourcesBuildPhase;
			buildActionMask = 2147483647;
			files = (
				9D7D425C1C27C120008F76E5 /* Makefile in Sources */,
				9D7D425A1C27C120008F76E5 /* main.cpp in Sources */,
			);
			runOnlyForDeploymentPostprocessing = 0;
		};
/* End PBXSourcesBuildPhase section */

/* Begin XCBuildConfiguration section */
		9D7D42D61C27C120008F76E5 /* Debug */ = {
			isa = XCBuildConfiguration;
			baseConfigurationReference = 9D7D42A01C27C120008F76E5 /* RedBearLab BLE Nano.xcconfig */;
			buildSettings = {
				ALWAYS_SEARCH_USER_PATHS = NO;
				CLANG_CXX_LANGUAGE_STANDARD = "gnu++0x";
				CLANG_CXX_LIBRARY = "libc++";
				CLANG_ENABLE_MODULES = YES;
				CLANG_ENABLE_OBJC_ARC = YES;
				CLANG_WARN_BOOL_CONVERSION = YES;
				CLANG_WARN_CONSTANT_CONVERSION = YES;
				CLANG_WARN_DIRECT_OBJC_ISA_USAGE = YES_ERROR;
				CLANG_WARN_EMPTY_BODY = YES;
				CLANG_WARN_ENUM_CONVERSION = YES;
				CLANG_WARN_INT_CONVERSION = YES;
				CLANG_WARN_OBJC_ROOT_CLASS = YES_ERROR;
				CLANG_WARN_UNREACHABLE_CODE = YES;
				CLANG_WARN__DUPLICATE_METHOD_MATCH = YES;
				COPY_PHASE_STRIP = NO;
				DEBUG_INFORMATION_FORMAT = dwarf;
				ENABLE_STRICT_OBJC_MSGSEND = YES;
				ENABLE_TESTABILITY = YES;
				GCC_C_LANGUAGE_STANDARD = gnu99;
				GCC_DYNAMIC_NO_PIC = NO;
				GCC_NO_COMMON_BLOCKS = YES;
				GCC_OPTIMIZATION_LEVEL = 0;
				GCC_PREPROCESSOR_DEFINITIONS = (
					"DEBUG=1",
					"$(inherited)",
				);
				GCC_WARN_64_TO_32_BIT_CONVERSION = YES;
				GCC_WARN_ABOUT_RETURN_TYPE = YES_ERROR;
				GCC_WARN_UNDECLARED_SELECTOR = YES;
				GCC_WARN_UNINITIALIZED_AUTOS = YES_AGGRESSIVE;
				GCC_WARN_UNUSED_FUNCTION = YES;
				GCC_WARN_UNUSED_VARIABLE = YES;
				HEADER_SEARCH_PATHS = "$(inherited)";
				MTL_ENABLE_DEBUG_INFO = YES;
				ONLY_ACTIVE_ARCH = YES;
				PATH = "$(PATH):$(PROJECT_DIR)";
				PRODUCT_NAME = "$(TARGET_NAME)";
				SKETCHBOOK_DIR = "";
				UPDATE_POLICY = 0;
			};
			name = Debug;
		};
		9D7D42D71C27C120008F76E5 /* Release */ = {
			isa = XCBuildConfiguration;
			buildSettings = {
				ALWAYS_SEARCH_USER_PATHS = NO;
				CLANG_CXX_LANGUAGE_STANDARD = "gnu++0x";
				CLANG_CXX_LIBRARY = "libc++";
				CLANG_ENABLE_MODULES = YES;
				CLANG_ENABLE_OBJC_ARC = YES;
				CLANG_WARN_BOOL_CONVERSION = YES;
				CLANG_WARN_CONSTANT_CONVERSION = YES;
				CLANG_WARN_DIRECT_OBJC_ISA_USAGE = YES_ERROR;
				CLANG_WARN_EMPTY_BODY = YES;
				CLANG_WARN_ENUM_CONVERSION = YES;
				CLANG_WARN_INT_CONVERSION = YES;
				CLANG_WARN_OBJC_ROOT_CLASS = YES_ERROR;
				CLANG_WARN_UNREACHABLE_CODE = YES;
				CLANG_WARN__DUPLICATE_METHOD_MATCH = YES;
				COPY_PHASE_STRIP = NO;
				DEBUG_INFORMATION_FORMAT = "dwarf-with-dsym";
				ENABLE_NS_ASSERTIONS = NO;
				ENABLE_STRICT_OBJC_MSGSEND = YES;
				GCC_C_LANGUAGE_STANDARD = gnu99;
				GCC_NO_COMMON_BLOCKS = YES;
				GCC_WARN_64_TO_32_BIT_CONVERSION = YES;
				GCC_WARN_ABOUT_RETURN_TYPE = YES_ERROR;
				GCC_WARN_UNDECLARED_SELECTOR = YES;
				GCC_WARN_UNINITIALIZED_AUTOS = YES_AGGRESSIVE;
				GCC_WARN_UNUSED_FUNCTION = YES;
				GCC_WARN_UNUSED_VARIABLE = YES;
				HEADER_SEARCH_PATHS = "$(inherited)";
				MTL_ENABLE_DEBUG_INFO = NO;
				PATH = "$(PATH):$(PROJECT_DIR)";
				PRODUCT_NAME = "$(TARGET_NAME)";
				SKETCHBOOK_DIR = "";
				UPDATE_POLICY = 0;
			};
			name = Release;
		};
		9D7D42D91C27C120008F76E5 /* Debug */ = {
			isa = XCBuildConfiguration;
			buildSettings = {
				PRODUCT_NAME = "$(TARGET_NAME)";
			};
			name = Debug;
		};
		9D7D42DA1C27C120008F76E5 /* Release */ = {
			isa = XCBuildConfiguration;
			buildSettings = {
				PRODUCT_NAME = "$(TARGET_NAME)";
			};
			name = Release;
		};
		9D7D42DC1C27C120008F76E5 /* Debug */ = {
			isa = XCBuildConfiguration;
			buildSettings = {
			};
			name = Debug;
		};
		9D7D42DD1C27C120008F76E5 /* Release */ = {
			isa = XCBuildConfiguration;
			buildSettings = {
			};
			name = Release;
		};
		9D7D42DF1C27C120008F76E5 /* Debug */ = {
			isa = XCBuildConfiguration;
			buildSettings = {
			};
			name = Debug;
		};
		9D7D42E01C27C120008F76E5 /* Release */ = {
			isa = XCBuildConfiguration;
			buildSettings = {
			};
			name = Release;
		};
		9D7D42E21C27C120008F76E5 /* Debug */ = {
			isa = XCBuildConfiguration;
			buildSettings = {
			};
			name = Debug;
		};
		9D7D42E31C27C120008F76E5 /* Release */ = {
			isa = XCBuildConfiguration;
			buildSettings = {
			};
			name = Release;
		};
		9D7D42E51C27C120008F76E5 /* Debug */ = {
			isa = XCBuildConfiguration;
			buildSettings = {
			};
			name = Debug;
		};
		9D7D42E61C27C120008F76E5 /* Release */ = {
			isa = XCBuildConfiguration;
			buildSettings = {
			};
			name = Release;
		};
		9D7D42E81C27C120008F76E5 /* Debug */ = {
			isa = XCBuildConfiguration;
			buildSettings = {
			};
			name = Debug;
		};
		9D7D42E91C27C120008F76E5 /* Release */ = {
			isa = XCBuildConfiguration;
			buildSettings = {
			};
			name = Release;
		};
/* End XCBuildConfiguration section */

/* Begin XCConfigurationList section */
		9D7D424E1C27C120008F76E5 /* Build configuration list for PBXProject "ArudinoBLETest" */ = {
			isa = XCConfigurationList;
			buildConfigurations = (
				9D7D42D61C27C120008F76E5 /* Debug */,
				9D7D42D71C27C120008F76E5 /* Release */,
			);
			defaultConfigurationIsVisible = 0;
			defaultConfigurationName = Release;
		};
		9D7D42D81C27C120008F76E5 /* Build configuration list for PBXLegacyTarget "All" */ = {
			isa = XCConfigurationList;
			buildConfigurations = (
				9D7D42D91C27C120008F76E5 /* Debug */,
				9D7D42DA1C27C120008F76E5 /* Release */,
			);
			defaultConfigurationIsVisible = 0;
		};
		9D7D42DB1C27C120008F76E5 /* Build configuration list for PBXLegacyTarget "Build" */ = {
			isa = XCConfigurationList;
			buildConfigurations = (
				9D7D42DC1C27C120008F76E5 /* Debug */,
				9D7D42DD1C27C120008F76E5 /* Release */,
			);
			defaultConfigurationIsVisible = 0;
		};
		9D7D42DE1C27C120008F76E5 /* Build configuration list for PBXLegacyTarget "Boards" */ = {
			isa = XCConfigurationList;
			buildConfigurations = (
				9D7D42DF1C27C120008F76E5 /* Debug */,
				9D7D42E01C27C120008F76E5 /* Release */,
			);
			defaultConfigurationIsVisible = 0;
		};
		9D7D42E11C27C120008F76E5 /* Build configuration list for PBXLegacyTarget "Serial" */ = {
			isa = XCConfigurationList;
			buildConfigurations = (
				9D7D42E21C27C120008F76E5 /* Debug */,
				9D7D42E31C27C120008F76E5 /* Release */,
			);
			defaultConfigurationIsVisible = 0;
		};
		9D7D42E41C27C120008F76E5 /* Build configuration list for PBXLegacyTarget "Upload" */ = {
			isa = XCConfigurationList;
			buildConfigurations = (
				9D7D42E51C27C120008F76E5 /* Debug */,
				9D7D42E61C27C120008F76E5 /* Release */,
			);
			defaultConfigurationIsVisible = 0;
		};
		9D7D42E71C27C120008F76E5 /* Build configuration list for PBXNativeTarget "Index" */ = {
			isa = XCConfigurationList;
			buildConfigurations = (
				9D7D42E81C27C120008F76E5 /* Debug */,
				9D7D42E91C27C120008F76E5 /* Release */,
			);
			defaultConfigurationIsVisible = 0;
		};
/* End XCConfigurationList section */
	};
	rootObject = 9D7D424B1C27C120008F76E5 /* Project object */;
}
